
Microsoft Visual Studio Solution File, Format Version 12.00
# Visual Studio Version 16
VisualStudioVersion = 16.0.28809.33
MinimumVisualStudioVersion = 10.0.40219.1
Project("{FAE04EC0-301F-11D3-BF4B-00C04F79EFBC}") = "SMSSendingOnUpdateMarketingList", "SMSSendingOnUpdateMarketingList\SMSSendingOnUpdateMarketingList.csproj", "{52E36301-B798-4611-AB98-E08B477DF025}"
EndProject
Global
	GlobalSection(SolutionConfigurationPlatforms) = preSolution
		Debug|Any CPU = Debug|Any CPU
		Release|Any CPU = Release|Any CPU
	EndGlobalSection
	GlobalSection(ProjectConfigurationPlatforms) = postSolution
		{52E36301-B798-4611-AB98-E08B477DF025}.Debug|Any CPU.ActiveCfg = Debug|Any CPU
		{52E36301-B798-4611-AB98-E08B477DF025}.Debug|Any CPU.Build.0 = Debug|Any CPU
		{52E36301-B798-4611-AB98-E08B477DF025}.Release|Any CPU.ActiveCfg = Release|Any CPU
		{52E36301-B798-4611-AB98-E08B477DF025}.Release|Any CPU.Build.0 = Release|Any CPU
	EndGlobalSection
	GlobalSection(SolutionProperties) = preSolution
		HideSolutionNode = FALSE
	EndGlobalSection
	GlobalSection(ExtensibilityGlobals) = postSolution
		SolutionGuid = {55CD28D6-24AC-46F1-8626-9225EA116C54}
	EndGlobalSection
EndGlobal
